Microsoft Visual Studio Solution File, Format Version 12.00
# Visual Studio Version 17
VisualStudioVersion = 17.8.34322.80
MinimumVisualStudioVersion = 10.0.40219.1
Project("{8BC9CEB8-8B4A-11D0-8D11-00A0C91BC942}") = "PhysicsEngine", "PhysicsEngine.vcxproj", "{7FD42DF7-442E-479A-BA76-D0022F99702A}"
	ProjectSection(ProjectDependencies) = postProject
		{98E75BA1-75D5-4418-946C-B090BFEE5DC9} = {98E75BA1-75D5-4418-946C-B090BFEE5DC9}
	EndProjectSection
EndProject
Project("{8BC9CEB8-8B4A-11D0-8D11-00A0C91BC942}") = "TestVector3", "..\TestVector3\TestVector3.vcxproj", "{9E070002-8B2F-49B1-9B8B-F57EC6A4A9CF}"
EndProject
Project("{8BC9CEB8-8B4A-11D0-8D11-00A0C91BC942}") = "TestMatrix3", "..\TestMatrix3\TestMatrix3.vcxproj", "{DE1DD361-4E35-44EC-834B-54C7371DEF43}"
EndProject
Project("{8BC9CEB8-8B4A-11D0-8D11-00A0C91BC942}") = "TestMatrix4", "..\TestMatrix4\TestMatrix4.vcxproj", "{0979F518-7AA0-4671-8B6C-9F3CCA6911AF}"
EndProject
Project("{8BC9CEB8-8B4A-11D0-8D11-00A0C91BC942}") = "TestQuaternion", "..\TestQuaternion\TestQuaternion.vcxproj", "{ABE755F1-C7DB-47DD-8D2B-6CE641C7C1B9}"
EndProject
Project("{8BC9CEB8-8B4A-11D0-8D11-00A0C91BC942}") = "TestVector4", "..\TestVector4\TestVector4.vcxproj", "{742BE210-633F-403E-BC52-C974CB4E32E8}"
EndProject
Project("{8BC9CEB8-8B4A-11D0-8D11-00A0C91BC942}") = "GraphicsEngine", "..\GraphicsEngine\GraphicsEngine.vcxproj", "{98E75BA1-75D5-4418-946C-B090BFEE5DC9}"
EndProject
Global
	GlobalSection(SolutionConfigurationPlatforms) = preSolution
		Debug|x64 = Debug|x64
		Debug|x86 = Debug|x86
		Release|x64 = Release|x64
		Release|x86 = Release|x86
	EndGlobalSection
	GlobalSection(ProjectConfigurationPlatforms) = postSolution
		{7FD42DF7-442E-479A-BA76-D0022F99702A}.Debug|x64.ActiveCfg = Debug|x64
		{7FD42DF7-442E-479A-BA76-D0022F99702A}.Debug|x64.Build.0 = Debug|x64
		{7FD42DF7-442E-479A-BA76-D0022F99702A}.Debug|x86.ActiveCfg = Debug|x64
		{7FD42DF7-442E-479A-BA76-D0022F99702A}.Debug|x86.Build.0 = Debug|x64
		{7FD42DF7-442E-479A-BA76-D0022F99702A}.Release|x64.ActiveCfg = Release|x64
		{7FD42DF7-442E-479A-BA76-D0022F99702A}.Release|x64.Build.0 = Release|x64
		{7FD42DF7-442E-479A-BA76-D0022F99702A}.Release|x86.ActiveCfg = Release|x64
		{7FD42DF7-442E-479A-BA76-D0022F99702A}.Release|x86.Build.0 = Release|x64
		{9E070002-8B2F-49B1-9B8B-F57EC6A4A9CF}.Debug|x64.ActiveCfg = Debug|x64
		{9E070002-8B2F-49B1-9B8B-F57EC6A4A9CF}.Debug|x64.Build.0 = Debug|x64
		{9E070002-8B2F-49B1-9B8B-F57EC6A4A9CF}.Debug|x86.ActiveCfg = Debug|Win32
		{9E070002-8B2F-49B1-9B8B-F57EC6A4A9CF}.Debug|x86.Build.0 = Debug|Win32
		{9E070002-8B2F-49B1-9B8B-F57EC6A4A9CF}.Release|x64.ActiveCfg = Release|x64
		{9E070002-8B2F-49B1-9B8B-F57EC6A4A9CF}.Release|x64.Build.0 = Release|x64
		{9E070002-8B2F-49B1-9B8B-F57EC6A4A9CF}.Release|x86.ActiveCfg = Release|Win32
		{9E070002-8B2F-49B1-9B8B-F57EC6A4A9CF}.Release|x86.Build.0 = Release|Win32
		{DE1DD361-4E35-44EC-834B-54C7371DEF43}.Debug|x64.ActiveCfg = Debug|x64
		{DE1DD361-4E35-44EC-834B-54C7371DEF43}.Debug|x64.Build.0 = Debug|x64
		{DE1DD361-4E35-44EC-834B-54C7371DEF43}.Debug|x86.ActiveCfg = Debug|Win32
		{DE1DD361-4E35-44EC-834B-54C7371DEF43}.Debug|x86.Build.0 = Debug|Win32
		{DE1DD361-4E35-44EC-834B-54C7371DEF43}.Release|x64.ActiveCfg = Release|x64
		{DE1DD361-4E35-44EC-834B-54C7371DEF43}.Release|x64.Build.0 = Release|x64
		{DE1DD361-4E35-44EC-834B-54C7371DEF43}.Release|x86.ActiveCfg = Release|Win32
		{DE1DD361-4E35-44EC-834B-54C7371DEF43}.Release|x86.Build.0 = Release|Win32
		{0979F518-7AA0-4671-8B6C-9F3CCA6911AF}.Debug|x64.ActiveCfg = Debug|x64
		{0979F518-7AA0-4671-8B6C-9F3CCA6911AF}.Debug|x64.Build.0 = Debug|x64
		{0979F518-7AA0-4671-8B6C-9F3CCA6911AF}.Debug|x86.ActiveCfg = Debug|Win32
		{0979F518-7AA0-4671-8B6C-9F3CCA6911AF}.Debug|x86.Build.0 = Debug|Win32
		{0979F518-7AA0-4671-8B6C-9F3CCA6911AF}.Release|x64.ActiveCfg = Release|x64
		{0979F518-7AA0-4671-8B6C-9F3CCA6911AF}.Release|x64.Build.0 = Release|x64
		{0979F518-7AA0-4671-8B6C-9F3CCA6911AF}.Release|x86.ActiveCfg = Release|Win32
		{0979F518-7AA0-4671-8B6C-9F3CCA6911AF}.Release|x86.Build.0 = Release|Win32
		{ABE755F1-C7DB-47DD-8D2B-6CE641C7C1B9}.Debug|x64.ActiveCfg = Debug|x64
		{ABE755F1-C7DB-47DD-8D2B-6CE641C7C1B9}.Debug|x64.Build.0 = Debug|x64
		{ABE755F1-C7DB-47DD-8D2B-6CE641C7C1B9}.Debug|x86.ActiveCfg = Debug|Win32
		{ABE755F1-C7DB-47DD-8D2B-6CE641C7C1B9}.Debug|x86.Build.0 = Debug|Win32
		{ABE755F1-C7DB-47DD-8D2B-6CE641C7C1B9}.Release|x64.ActiveCfg = Release|x64
		{ABE755F1-C7DB-47DD-8D2B-6CE641C7C1B9}.Release|x64.Build.0 = Release|x64
		{ABE755F1-C7DB-47DD-8D2B-6CE641C7C1B9}.Release|x86.ActiveCfg = Release|Win32
		{ABE755F1-C7DB-47DD-8D2B-6CE641C7C1B9}.Release|x86.Build.0 = Release|Win32
		{742BE210-633F-403E-BC52-C974CB4E32E8}.Debug|x64.ActiveCfg = Debug|x64
		{742BE210-633F-403E-BC52-C974CB4E32E8}.Debug|x64.Build.0 = Debug|x64
		{742BE210-633F-403E-BC52-C974CB4E32E8}.Debug|x86.ActiveCfg = Debug|Win32
		{742BE210-633F-403E-BC52-C974CB4E32E8}.Debug|x86.Build.0 = Debug|Win32
		{742BE210-633F-403E-BC52-C974CB4E32E8}.Release|x64.ActiveCfg = Release|x64
		{742BE210-633F-403E-BC52-C974CB4E32E8}.Release|x64.Build.0 = Release|x64
		{742BE210-633F-403E-BC52-C974CB4E32E8}.Release|x86.ActiveCfg = Release|Win32
		{742BE210-633F-403E-BC52-C974CB4E32E8}.Release|x86.Build.0 = Release|Win32
		{98E75BA1-75D5-4418-946C-B090BFEE5DC9}.Debug|x64.ActiveCfg = Debug|x64
		{98E75BA1-75D5-4418-946C-B090BFEE5DC9}.Debug|x64.Build.0 = Debug|x64
		{98E75BA1-75D5-4418-946C-B090BFEE5DC9}.Debug|x86.ActiveCfg = Debug|Win32
		{98E75BA1-75D5-4418-946C-B090BFEE5DC9}.Debug|x86.Build.0 = Debug|Win32
		{98E75BA1-75D5-4418-946C-B090BFEE5DC9}.Release|x64.ActiveCfg = Release|x64
		{98E75BA1-75D5-4418-946C-B090BFEE5DC9}.Release|x64.Build.0 = Release|x64
		{98E75BA1-75D5-4418-946C-B090BFEE5DC9}.Release|x86.ActiveCfg = Release|Win32
		{98E75BA1-75D5-4418-946C-B090BFEE5DC9}.Release|x86.Build.0 = Release|Win32
	EndGlobalSection
	GlobalSection(SolutionProperties) = preSolution
		HideSolutionNode = FALSE
	EndGlobalSection
	GlobalSection(ExtensibilityGlobals) = postSolution
		SolutionGuid = {E6E08624-6902-4CA1-813A-26226B47B0CA}
	EndGlobalSection
EndGlobal
