<?xml version="1.0" encoding="utf-8"?>
<Project ToolsVersion="4.0" xmlns="http://schemas.microsoft.com/developer/msbuild/2003">
  <ItemGroup>
    <ClCompile Include="src\main.cpp">
      <Filter>src</Filter>
    </ClCompile>
    <ClCompile Include="src\Component\Graphics\ConvexHull.cpp" />
    <ClCompile Include="src\Component\Graphics\EyeSprite.cpp" />
    <ClCompile Include="src\Component\Graphics\Line.cpp" />
    <ClCompile Include="src\Component\Graphics\Sphere.cpp" />
    <ClCompile Include="src\Component\Graphics\SpringSprite.cpp" />
    <ClCompile Include="src\Component\Mesh\Mesh.cpp" />
    <ClCompile Include="src\Component\Particle.cpp" />
    <ClCompile Include="src\Component\Physics\Collider\SphereCollider.cpp" />
    <ClCompile Include="src\Component\Physics\SpringComponent.cpp" />
    <ClCompile Include="src\Component\Physics\CableComponent.cpp" />
    <ClCompile Include="src\Component\Physics\Force\SpringForce.cpp" />
    <ClCompile Include="src\Component\Physics\Force\PullForce.cpp" />
    <ClCompile Include="src\Component\Physics\Force\FrictionForce.cpp" />
    <ClCompile Include="src\Entity\Blob.cpp" />
    <ClCompile Include="src\Entity\CountHUD.cpp" />
    <ClCompile Include="src\Entity\GravityChar.cpp" />
    <ClCompile Include="src\Entity\ParticleFactory.cpp" />
    <ClCompile Include="src\Entity\TrailParticle.cpp" />
    <ClCompile Include="src\System\CollidersComponentRegistry.cpp" />
    <ClCompile Include="src\System\CollisionsRegistry.cpp" />
    <ClCompile Include="src\System\GraphicsComponentRegistry.cpp" />
    <ClCompile Include="src\System\ParticleForceRegistry.cpp" />
    <ClCompile Include="src\System\PhysicsComponentRegistry.cpp" />
    <ClCompile Include="src\System\UpdatesComponentRegistry.cpp" />
    <ClCompile Include="src\Component\RigidBody.cpp" />
    <ClCompile Include="src\Entity\DefaultRigidBody.hpp" />
    <ClCompile Include="src\Component\Octree.cpp" />
    <ClCompile Include="src\Mouse.cpp" />
    <ClCompile Include="src\Camera.cpp" />
    <ClCompile Include="src\Keyboard.cpp" />
    <ClCompile Include="src\Component\Shader\ShaderManager.cpp" />
  </ItemGroup>
  <ItemGroup>
    <Filter Include="src">
      <UniqueIdentifier>{d8376475-7454-4a24-b08a-aac121d3ad6f}</UniqueIdentifier>
    </Filter>
  </ItemGroup>
  <ItemGroup>
    <ClInclude Include="src\Component\Graphics\ConvexHull.hpp" />
    <ClInclude Include="src\Component\Graphics\EyeSprite.hpp" />
    <ClInclude Include="src\Component\Graphics\GraphicsComponent.hpp" />
    <ClInclude Include="src\Component\Graphics\Line.hpp" />
    <ClInclude Include="src\Component\Graphics\Sphere.hpp" />
    <ClInclude Include="src\Component\Graphics\SpringSprite.hpp" />
    <ClInclude Include="src\Component\Mesh\ArrowMesh.hpp" />
    <ClInclude Include="src\Component\Mesh\Mesh.hpp" />
    <ClInclude Include="src\Component\Mesh\CubeMesh.hpp" />
    <ClInclude Include="src\Component\Particle.hpp" />
    <ClInclude Include="src\Component\Physics\Collider\SphereCollider.hpp" />
    <ClInclude Include="src\Component\Physics\CableComponent.hpp" />
    <ClInclude Include="src\Component\Physics\Force\GravityForce.hpp" />
    <ClInclude Include="src\Component\Physics\Force\FrictionForce.hpp" />
    <ClInclude Include="src\Component\Physics\Force\ParticleForceGenerator.hpp" />
    <ClInclude Include="src\Component\Physics\Force\PullForce.hpp" />
    <ClInclude Include="src\Component\Physics\Force\SpringForce.hpp" />
    <ClInclude Include="src\Component\Physics\PhysicsComponent.hpp" />
    <ClInclude Include="src\Component\Physics\SpringComponent.hpp" />
    <ClInclude Include="src\Component\UpdatesComponent.hpp" />
    <ClInclude Include="src\Entity\Blob.hpp" />
    <ClInclude Include="src\Entity\Cable.hpp" />
    <ClInclude Include="src\Entity\CountHUD.hpp" />
    <ClInclude Include="src\Entity\DefaultParticle.hpp" />
    <ClInclude Include="src\Entity\GravityChar.hpp" />
    <ClInclude Include="src\Entity\Origin.hpp" />
    <ClInclude Include="src\Entity\ParticleFactory.hpp" />
    <ClInclude Include="src\Component\RigidBody.hpp" />
    <ClInclude Include="src\Entity\Spring.hpp" />
    <ClInclude Include="src\Entity\TrailParticle.hpp" />
    <ClInclude Include="src\System\CollidersComponentRegistry.hpp" />
    <ClInclude Include="src\System\CollisionsRegistry.hpp" />
    <ClInclude Include="src\System\GraphicsComponentRegistry.hpp" />
    <ClInclude Include="src\System\ParticleForceRegistry.hpp" />
    <ClInclude Include="src\System\PhysicsComponentRegistry.hpp" />
    <ClInclude Include="src\System\UpdatesComponentRegistry.hpp" />
    <ClInclude Include="src\Component\Mesh\MeshRessource.hpp" />
    <ClInclude Include="src\Entity\Arrow.hpp" />
    <ClInclude Include="src\Component\Octree.hpp" />
    <ClInclude Include="src\Mouse.hpp" />
    <ClInclude Include="src\Camera.hpp" />
    <ClInclude Include="src\Entity\Cube.hpp" />
    <ClInclude Include="src\Component\Mesh\DodecahedronMesh.hpp" />
    <ClInclude Include="src\Component\Mesh\IcosahedronMesh.hpp" />
    <ClInclude Include="src\Component\Mesh\OctahedronMesh.hpp" />
    <ClInclude Include="src\Component\Mesh\PlaneMesh.hpp" />
    <ClInclude Include="src\Component\Mesh\TetrahedronMesh.hpp" />
    <ClInclude Include="src\Keyboard.hpp" />
    <ClInclude Include="src\Component\Shader\ShaderManager.hpp" />
  </ItemGroup>
  <ItemGroup>
    <None Include="TODO" />
  </ItemGroup>
</Project>